
Microsoft Visual Studio Solution File, Format Version 12.00
# Visual Studio Version 16
VisualStudioVersion = 16.0.31729.503
MinimumVisualStudioVersion = 10.0.40219.1
Project("{FAE04EC0-301F-11D3-BF4B-00C04F79EFBC}") = "Playfair-Tools_Nhom-1_NT101.M11", "Playfair-Tools_Nhom-1_NT101.M11\Playfair-Tools_Nhom-1_NT101.M11.csproj", "{B1B2FC68-FCC4-4488-AD72-6CF661B0E3F0}"
EndProject
Global
	GlobalSection(SolutionConfigurationPlatforms) = preSolution
		Debug|Any CPU = Debug|Any CPU
		Release|Any CPU = Release|Any CPU
	EndGlobalSection
	GlobalSection(ProjectConfigurationPlatforms) = postSolution
		{B1B2FC68-FCC4-4488-AD72-6CF661B0E3F0}.Debug|Any CPU.ActiveCfg = Debug|Any CPU
		{B1B2FC68-FCC4-4488-AD72-6CF661B0E3F0}.Debug|Any CPU.Build.0 = Debug|Any CPU
		{B1B2FC68-FCC4-4488-AD72-6CF661B0E3F0}.Release|Any CPU.ActiveCfg = Release|Any CPU
		{B1B2FC68-FCC4-4488-AD72-6CF661B0E3F0}.Release|Any CPU.Build.0 = Release|Any CPU
	EndGlobalSection
	GlobalSection(SolutionProperties) = preSolution
		HideSolutionNode = FALSE
	EndGlobalSection
	GlobalSection(ExtensibilityGlobals) = postSolution
		SolutionGuid = {D01F5C0B-B8CC-4DAB-BA31-ABBD963709EE}
	EndGlobalSection
EndGlobal
